// !$*UTF8*$!
{
	archiveVersion = 1;
	classes = {
	};
	objectVersion = 77;
	objects = {

/* Begin PBXBuildFile section */
		F814DBAC2E4B772000EB29E5 /* GadoNetwork in Frameworks */ = {isa = PBXBuildFile; productRef = F814DBAB2E4B772000EB29E5 /* GadoNetwork */; };
		F8CDAAF62E4B8BCB009F5401 /* GeneralSwift in Frameworks */ = {isa = PBXBuildFile; productRef = F8CDAAF52E4B8BCB009F5401 /* GeneralSwift */; };
		F8CDAAFA2E4B8BDA009F5401 /* MovieDetails in Frameworks */ = {isa = PBXBuildFile; productRef = F8CDAAF92E4B8BDA009F5401 /* MovieDetails */; };
		F8CDAB3D2E4B9452009F5401 /* Movies in Frameworks */ = {isa = PBXBuildFile; productRef = F8CDAB3C2E4B9452009F5401 /* Movies */; };
/* End PBXBuildFile section */

/* Begin PBXContainerItemProxy section */
		F8C66E082E4B52E000D743B9 /* PBXContainerItemProxy */ = {
			isa = PBXContainerItemProxy;
			containerPortal = F8C66DEF2E4B52DD00D743B9 /* Project object */;
			proxyType = 1;
			remoteGlobalIDString = F8C66DF62E4B52DD00D743B9;
			remoteInfo = JahezMovies;
		};
		F8C66E122E4B52E000D743B9 /* PBXContainerItemProxy */ = {
			isa = PBXContainerItemProxy;
			containerPortal = F8C66DEF2E4B52DD00D743B9 /* Project object */;
			proxyType = 1;
			remoteGlobalIDString = F8C66DF62E4B52DD00D743B9;
			remoteInfo = JahezMovies;
		};
/* End PBXContainerItemProxy section */

/* Begin PBXFileReference section */
		F814DBAD2E4B77A700EB29E5 /* GadoNetwork */ = {isa = PBXFileReference; lastKnownFileType = wrapper; path = GadoNetwork; sourceTree = "<group>"; };
		F8C66DF72E4B52DD00D743B9 /* JahezMovies.app */ = {isa = PBXFileReference; explicitFileType = wrapper.application; includeInIndex = 0; path = JahezMovies.app; sourceTree = BUILT_PRODUCTS_DIR; };
		F8C66E072E4B52E000D743B9 /* JahezMoviesTests.xctest */ = {isa = PBXFileReference; explicitFileType = wrapper.cfbundle; includeInIndex = 0; path = JahezMoviesTests.xctest; sourceTree = BUILT_PRODUCTS_DIR; };
		F8C66E112E4B52E000D743B9 /* JahezMoviesUITests.xctest */ = {isa = PBXFileReference; explicitFileType = wrapper.cfbundle; includeInIndex = 0; path = JahezMoviesUITests.xctest; sourceTree = BUILT_PRODUCTS_DIR; };
		F8CDAAF32E4B8B88009F5401 /* GeneralSwift */ = {isa = PBXFileReference; lastKnownFileType = wrapper; path = GeneralSwift; sourceTree = "<group>"; };
/* End PBXFileReference section */

/* Begin PBXFileSystemSynchronizedBuildFileExceptionSet section */
		F81FF0C32E4B5791004067E4 /* Exceptions for "JahezMovies" folder in "JahezMovies" target */ = {
			isa = PBXFileSystemSynchronizedBuildFileExceptionSet;
			membershipExceptions = (
				Modules/Config/Config.xcconfig,
				Modules/Config/Info.plist,
				"Modules/Movies Details/MovieDetails",
				Modules/Movies/Movies,
			);
			target = F8C66DF62E4B52DD00D743B9 /* JahezMovies */;
		};
/* End PBXFileSystemSynchronizedBuildFileExceptionSet section */

/* Begin PBXFileSystemSynchronizedGroupBuildPhaseMembershipExceptionSet section */
		F81FF0C42E4B5791004067E4 /* Exceptions for "JahezMovies" folder in "Compile Sources" phase from "JahezMovies" target */ = {
			isa = PBXFileSystemSynchronizedGroupBuildPhaseMembershipExceptionSet;
			buildPhase = F8C66DF32E4B52DD00D743B9 /* Sources */;
			membershipExceptions = (
				Modules/Config/Config.xcconfig,
			);
		};
/* End PBXFileSystemSynchronizedGroupBuildPhaseMembershipExceptionSet section */

/* Begin PBXFileSystemSynchronizedRootGroup section */
		F8C66DF92E4B52DD00D743B9 /* JahezMovies */ = {
			isa = PBXFileSystemSynchronizedRootGroup;
			exceptions = (
				F81FF0C32E4B5791004067E4 /* Exceptions for "JahezMovies" folder in "JahezMovies" target */,
				F81FF0C42E4B5791004067E4 /* Exceptions for "JahezMovies" folder in "Compile Sources" phase from "JahezMovies" target */,
			);
			path = JahezMovies;
			sourceTree = "<group>";
		};
		F8C66E0A2E4B52E000D743B9 /* JahezMoviesTests */ = {
			isa = PBXFileSystemSynchronizedRootGroup;
			path = JahezMoviesTests;
			sourceTree = "<group>";
		};
		F8C66E142E4B52E000D743B9 /* JahezMoviesUITests */ = {
			isa = PBXFileSystemSynchronizedRootGroup;
			path = JahezMoviesUITests;
			sourceTree = "<group>";
		};
/* End PBXFileSystemSynchronizedRootGroup section */

/* Begin PBXFrameworksBuildPhase section */
		F8C66DF42E4B52DD00D743B9 /* Frameworks */ = {
			isa = PBXFrameworksBuildPhase;
			buildActionMask = 2147483647;
			files = (
				F814DBAC2E4B772000EB29E5 /* GadoNetwork in Frameworks */,
				F8CDAB3D2E4B9452009F5401 /* Movies in Frameworks */,
				F8CDAAFA2E4B8BDA009F5401 /* MovieDetails in Frameworks */,
				F8CDAAF62E4B8BCB009F5401 /* GeneralSwift in Frameworks */,
			);
			runOnlyForDeploymentPostprocessing = 0;
		};
		F8C66E042E4B52E000D743B9 /* Frameworks */ = {
			isa = PBXFrameworksBuildPhase;
			buildActionMask = 2147483647;
			files = (
			);
			runOnlyForDeploymentPostprocessing = 0;
		};
		F8C66E0E2E4B52E000D743B9 /* Frameworks */ = {
			isa = PBXFrameworksBuildPhase;
			buildActionMask = 2147483647;
			files = (
			);
			runOnlyForDeploymentPostprocessing = 0;
		};
/* End PBXFrameworksBuildPhase section */

/* Begin PBXGroup section */
		F8C66DEE2E4B52DD00D743B9 = {
			isa = PBXGroup;
			children = (
				F8CDAAF32E4B8B88009F5401 /* GeneralSwift */,
				F814DBAD2E4B77A700EB29E5 /* GadoNetwork */,
				F8C66DF92E4B52DD00D743B9 /* JahezMovies */,
				F8C66E0A2E4B52E000D743B9 /* JahezMoviesTests */,
				F8C66E142E4B52E000D743B9 /* JahezMoviesUITests */,
				F8CDAAF42E4B8BCB009F5401 /* Frameworks */,
				F8C66DF82E4B52DD00D743B9 /* Products */,
			);
			sourceTree = "<group>";
		};
		F8C66DF82E4B52DD00D743B9 /* Products */ = {
			isa = PBXGroup;
			children = (
				F8C66DF72E4B52DD00D743B9 /* JahezMovies.app */,
				F8C66E072E4B52E000D743B9 /* JahezMoviesTests.xctest */,
				F8C66E112E4B52E000D743B9 /* JahezMoviesUITests.xctest */,
			);
			name = Products;
			sourceTree = "<group>";
		};
		F8CDAAF42E4B8BCB009F5401 /* Frameworks */ = {
			isa = PBXGroup;
			children = (
			);
			name = Frameworks;
			sourceTree = "<group>";
		};
/* End PBXGroup section */

/* Begin PBXNativeTarget section */
		F8C66DF62E4B52DD00D743B9 /* JahezMovies */ = {
			isa = PBXNativeTarget;
			buildConfigurationList = F8C66E1B2E4B52E000D743B9 /* Build configuration list for PBXNativeTarget "JahezMovies" */;
			buildPhases = (
				F8C66DF32E4B52DD00D743B9 /* Sources */,
				F8C66DF42E4B52DD00D743B9 /* Frameworks */,
				F8C66DF52E4B52DD00D743B9 /* Resources */,
			);
			buildRules = (
			);
			dependencies = (
			);
			fileSystemSynchronizedGroups = (
				F8C66DF92E4B52DD00D743B9 /* JahezMovies */,
			);
			name = JahezMovies;
			packageProductDependencies = (
				F814DBAB2E4B772000EB29E5 /* GadoNetwork */,
				F8CDAAF52E4B8BCB009F5401 /* GeneralSwift */,
				F8CDAAF92E4B8BDA009F5401 /* MovieDetails */,
				F8CDAB3C2E4B9452009F5401 /* Movies */,
			);
			productName = JahezMovies;
			productReference = F8C66DF72E4B52DD00D743B9 /* JahezMovies.app */;
			productType = "com.apple.product-type.application";
		};
		F8C66E062E4B52E000D743B9 /* JahezMoviesTests */ = {
			isa = PBXNativeTarget;
			buildConfigurationList = F8C66E1E2E4B52E000D743B9 /* Build configuration list for PBXNativeTarget "JahezMoviesTests" */;
			buildPhases = (
				F8C66E032E4B52E000D743B9 /* Sources */,
				F8C66E042E4B52E000D743B9 /* Frameworks */,
				F8C66E052E4B52E000D743B9 /* Resources */,
			);
			buildRules = (
			);
			dependencies = (
				F8C66E092E4B52E000D743B9 /* PBXTargetDependency */,
			);
			fileSystemSynchronizedGroups = (
				F8C66E0A2E4B52E000D743B9 /* JahezMoviesTests */,
			);
			name = JahezMoviesTests;
			packageProductDependencies = (
			);
			productName = JahezMoviesTests;
			productReference = F8C66E072E4B52E000D743B9 /* JahezMoviesTests.xctest */;
			productType = "com.apple.product-type.bundle.unit-test";
		};
		F8C66E102E4B52E000D743B9 /* JahezMoviesUITests */ = {
			isa = PBXNativeTarget;
			buildConfigurationList = F8C66E212E4B52E000D743B9 /* Build configuration list for PBXNativeTarget "JahezMoviesUITests" */;
			buildPhases = (
				F8C66E0D2E4B52E000D743B9 /* Sources */,
				F8C66E0E2E4B52E000D743B9 /* Frameworks */,
				F8C66E0F2E4B52E000D743B9 /* Resources */,
			);
			buildRules = (
			);
			dependencies = (
				F8C66E132E4B52E000D743B9 /* PBXTargetDependency */,
			);
			fileSystemSynchronizedGroups = (
				F8C66E142E4B52E000D743B9 /* JahezMoviesUITests */,
			);
			name = JahezMoviesUITests;
			packageProductDependencies = (
			);
			productName = JahezMoviesUITests;
			productReference = F8C66E112E4B52E000D743B9 /* JahezMoviesUITests.xctest */;
			productType = "com.apple.product-type.bundle.ui-testing";
		};
/* End PBXNativeTarget section */

/* Begin PBXProject section */
		F8C66DEF2E4B52DD00D743B9 /* Project object */ = {
			isa = PBXProject;
			attributes = {
				BuildIndependentTargetsInParallel = 1;
				LastSwiftUpdateCheck = 1620;
				LastUpgradeCheck = 1620;
				TargetAttributes = {
					F8C66DF62E4B52DD00D743B9 = {
						CreatedOnToolsVersion = 16.2;
					};
					F8C66E062E4B52E000D743B9 = {
						CreatedOnToolsVersion = 16.2;
						TestTargetID = F8C66DF62E4B52DD00D743B9;
					};
					F8C66E102E4B52E000D743B9 = {
						CreatedOnToolsVersion = 16.2;
						TestTargetID = F8C66DF62E4B52DD00D743B9;
					};
				};
			};
			buildConfigurationList = F8C66DF22E4B52DD00D743B9 /* Build configuration list for PBXProject "JahezMovies" */;
			developmentRegion = en;
			hasScannedForEncodings = 0;
			knownRegions = (
				en,
				Base,
			);
			mainGroup = F8C66DEE2E4B52DD00D743B9;
			minimizedProjectReferenceProxies = 1;
			packageReferences = (
			);
			preferredProjectObjectVersion = 77;
			productRefGroup = F8C66DF82E4B52DD00D743B9 /* Products */;
			projectDirPath = "";
			projectRoot = "";
			targets = (
				F8C66DF62E4B52DD00D743B9 /* JahezMovies */,
				F8C66E062E4B52E000D743B9 /* JahezMoviesTests */,
				F8C66E102E4B52E000D743B9 /* JahezMoviesUITests */,
			);
		};
/* End PBXProject section */

/* Begin PBXResourcesBuildPhase section */
		F8C66DF52E4B52DD00D743B9 /* Resources */ = {
			isa = PBXResourcesBuildPhase;
			buildActionMask = 2147483647;
			files = (
			);
			runOnlyForDeploymentPostprocessing = 0;
		};
		F8C66E052E4B52E000D743B9 /* Resources */ = {
			isa = PBXResourcesBuildPhase;
			buildActionMask = 2147483647;
			files = (
			);
			runOnlyForDeploymentPostprocessing = 0;
		};
		F8C66E0F2E4B52E000D743B9 /* Resources */ = {
			isa = PBXResourcesBuildPhase;
			buildActionMask = 2147483647;
			files = (
			);
			runOnlyForDeploymentPostprocessing = 0;
		};
/* End PBXResourcesBuildPhase section */

/* Begin PBXSourcesBuildPhase section */
		F8C66DF32E4B52DD00D743B9 /* Sources */ = {
			isa = PBXSourcesBuildPhase;
			buildActionMask = 2147483647;
			files = (
			);
			runOnlyForDeploymentPostprocessing = 0;
		};
		F8C66E032E4B52E000D743B9 /* Sources */ = {
			isa = PBXSourcesBuildPhase;
			buildActionMask = 2147483647;
			files = (
			);
			runOnlyForDeploymentPostprocessing = 0;
		};
		F8C66E0D2E4B52E000D743B9 /* Sources */ = {
			isa = PBXSourcesBuildPhase;
			buildActionMask = 2147483647;
			files = (
			);
			runOnlyForDeploymentPostprocessing = 0;
		};
/* End PBXSourcesBuildPhase section */

/* Begin PBXTargetDependency section */
		F8C66E092E4B52E000D743B9 /* PBXTargetDependency */ = {
			isa = PBXTargetDependency;
			target = F8C66DF62E4B52DD00D743B9 /* JahezMovies */;
			targetProxy = F8C66E082E4B52E000D743B9 /* PBXContainerItemProxy */;
		};
		F8C66E132E4B52E000D743B9 /* PBXTargetDependency */ = {
			isa = PBXTargetDependency;
			target = F8C66DF62E4B52DD00D743B9 /* JahezMovies */;
			targetProxy = F8C66E122E4B52E000D743B9 /* PBXContainerItemProxy */;
		};
/* End PBXTargetDependency section */

/* Begin XCBuildConfiguration section */
		F8C66E192E4B52E000D743B9 /* Debug */ = {
			isa = XCBuildConfiguration;
			baseConfigurationReferenceAnchor = F8C66DF92E4B52DD00D743B9 /* JahezMovies */;
			baseConfigurationReferenceRelativePath = Modules/Config/Config.xcconfig;
			buildSettings = {
				ALWAYS_SEARCH_USER_PATHS = NO;
				ASSETCATALOG_COMPILER_GENERATE_SWIFT_ASSET_SYMBOL_EXTENSIONS = YES;
				CLANG_ANALYZER_NONNULL = YES;
				CLANG_ANALYZER_NUMBER_OBJECT_CONVERSION = YES_AGGRESSIVE;
				CLANG_CXX_LANGUAGE_STANDARD = "gnu++20";
				CLANG_ENABLE_MODULES = YES;
				CLANG_ENABLE_OBJC_ARC = YES;
				CLANG_ENABLE_OBJC_WEAK = YES;
				CLANG_WARN_BLOCK_CAPTURE_AUTORELEASING = YES;
				CLANG_WARN_BOOL_CONVERSION = YES;
				CLANG_WARN_COMMA = YES;
				CLANG_WARN_CONSTANT_CONVERSION = YES;
				CLANG_WARN_DEPRECATED_OBJC_IMPLEMENTATIONS = YES;
				CLANG_WARN_DIRECT_OBJC_ISA_USAGE = YES_ERROR;
				CLANG_WARN_DOCUMENTATION_COMMENTS = YES;
				CLANG_WARN_EMPTY_BODY = YES;
				CLANG_WARN_ENUM_CONVERSION = YES;
				CLANG_WARN_INFINITE_RECURSION = YES;
				CLANG_WARN_INT_CONVERSION = YES;
				CLANG_WARN_NON_LITERAL_NULL_CONVERSION = YES;
				CLANG_WARN_OBJC_IMPLICIT_RETAIN_SELF = YES;
				CLANG_WARN_OBJC_LITERAL_CONVERSION = YES;
				CLANG_WARN_OBJC_ROOT_CLASS = YES_ERROR;
				CLANG_WARN_QUOTED_INCLUDE_IN_FRAMEWORK_HEADER = YES;
				CLANG_WARN_RANGE_LOOP_ANALYSIS = YES;
				CLANG_WARN_STRICT_PROTOTYPES = YES;
				CLANG_WARN_SUSPICIOUS_MOVE = YES;
				CLANG_WARN_UNGUARDED_AVAILABILITY = YES_AGGRESSIVE;
				CLANG_WARN_UNREACHABLE_CODE = YES;
				CLANG_WARN__DUPLICATE_METHOD_MATCH = YES;
				COPY_PHASE_STRIP = NO;
				DEBUG_INFORMATION_FORMAT = dwarf;
				ENABLE_STRICT_OBJC_MSGSEND = YES;
				ENABLE_TESTABILITY = YES;
				ENABLE_USER_SCRIPT_SANDBOXING = YES;
				GCC_C_LANGUAGE_STANDARD = gnu17;
				GCC_DYNAMIC_NO_PIC = NO;
				GCC_NO_COMMON_BLOCKS = YES;
				GCC_OPTIMIZATION_LEVEL = 0;
				GCC_PREPROCESSOR_DEFINITIONS = (
					"DEBUG=1",
					"$(inherited)",
				);
				GCC_WARN_64_TO_32_BIT_CONVERSION = YES;
				GCC_WARN_ABOUT_RETURN_TYPE = YES_ERROR;
				GCC_WARN_UNDECLARED_SELECTOR = YES;
				GCC_WARN_UNINITIALIZED_AUTOS = YES_AGGRESSIVE;
				GCC_WARN_UNUSED_FUNCTION = YES;
				GCC_WARN_UNUSED_VARIABLE = YES;
				IPHONEOS_DEPLOYMENT_TARGET = 15.6;
				LOCALIZATION_PREFERS_STRING_CATALOGS = YES;
				MTL_ENABLE_DEBUG_INFO = INCLUDE_SOURCE;
				MTL_FAST_MATH = YES;
				ONLY_ACTIVE_ARCH = YES;
				SDKROOT = iphoneos;
				SWIFT_ACTIVE_COMPILATION_CONDITIONS = "DEBUG $(inherited)";
				SWIFT_OPTIMIZATION_LEVEL = "-Onone";
			};
			name = Debug;
		};
		F8C66E1A2E4B52E000D743B9 /* Release */ = {
			isa = XCBuildConfiguration;
			buildSettings = {
				ALWAYS_SEARCH_USER_PATHS = NO;
				ASSETCATALOG_COMPILER_GENERATE_SWIFT_ASSET_SYMBOL_EXTENSIONS = YES;
				CLANG_ANALYZER_NONNULL = YES;
				CLANG_ANALYZER_NUMBER_OBJECT_CONVERSION = YES_AGGRESSIVE;
				CLANG_CXX_LANGUAGE_STANDARD = "gnu++20";
				CLANG_ENABLE_MODULES = YES;
				CLANG_ENABLE_OBJC_ARC = YES;
				CLANG_ENABLE_OBJC_WEAK = YES;
				CLANG_WARN_BLOCK_CAPTURE_AUTORELEASING = YES;
				CLANG_WARN_BOOL_CONVERSION = YES;
				CLANG_WARN_COMMA = YES;
				CLANG_WARN_CONSTANT_CONVERSION = YES;
				CLANG_WARN_DEPRECATED_OBJC_IMPLEMENTATIONS = YES;
				CLANG_WARN_DIRECT_OBJC_ISA_USAGE = YES_ERROR;
				CLANG_WARN_DOCUMENTATION_COMMENTS = YES;
				CLANG_WARN_EMPTY_BODY = YES;
				CLANG_WARN_ENUM_CONVERSION = YES;
				CLANG_WARN_INFINITE_RECURSION = YES;
				CLANG_WARN_INT_CONVERSION = YES;
				CLANG_WARN_NON_LITERAL_NULL_CONVERSION = YES;
				CLANG_WARN_OBJC_IMPLICIT_RETAIN_SELF = YES;
				CLANG_WARN_OBJC_LITERAL_CONVERSION = YES;
				CLANG_WARN_OBJC_ROOT_CLASS = YES_ERROR;
				CLANG_WARN_QUOTED_INCLUDE_IN_FRAMEWORK_HEADER = YES;
				CLANG_WARN_RANGE_LOOP_ANALYSIS = YES;
				CLANG_WARN_STRICT_PROTOTYPES = YES;
				CLANG_WARN_SUSPICIOUS_MOVE = YES;
				CLANG_WARN_UNGUARDED_AVAILABILITY = YES_AGGRESSIVE;
				CLANG_WARN_UNREACHABLE_CODE = YES;
				CLANG_WARN__DUPLICATE_METHOD_MATCH = YES;
				COPY_PHASE_STRIP = NO;
				DEBUG_INFORMATION_FORMAT = "dwarf-with-dsym";
				ENABLE_NS_ASSERTIONS = NO;
				ENABLE_STRICT_OBJC_MSGSEND = YES;
				ENABLE_USER_SCRIPT_SANDBOXING = YES;
				GCC_C_LANGUAGE_STANDARD = gnu17;
				GCC_NO_COMMON_BLOCKS = YES;
				GCC_WARN_64_TO_32_BIT_CONVERSION = YES;
				GCC_WARN_ABOUT_RETURN_TYPE = YES_ERROR;
				GCC_WARN_UNDECLARED_SELECTOR = YES;
				GCC_WARN_UNINITIALIZED_AUTOS = YES_AGGRESSIVE;
				GCC_WARN_UNUSED_FUNCTION = YES;
				GCC_WARN_UNUSED_VARIABLE = YES;
				IPHONEOS_DEPLOYMENT_TARGET = 15.6;
				LOCALIZATION_PREFERS_STRING_CATALOGS = YES;
				MTL_ENABLE_DEBUG_INFO = NO;
				MTL_FAST_MATH = YES;
				SDKROOT = iphoneos;
				SWIFT_COMPILATION_MODE = wholemodule;
				VALIDATE_PRODUCT = YES;
			};
			name = Release;
		};
		F8C66E1C2E4B52E000D743B9 /* Debug */ = {
			isa = XCBuildConfiguration;
			baseConfigurationReferenceAnchor = F8C66DF92E4B52DD00D743B9 /* JahezMovies */;
			baseConfigurationReferenceRelativePath = Modules/Config/Config.xcconfig;
			buildSettings = {
				ASSETCATALOG_COMPILER_APPICON_NAME = AppIcon;
				ASSETCATALOG_COMPILER_GLOBAL_ACCENT_COLOR_NAME = AccentColor;
				CODE_SIGN_STYLE = Automatic;
				CURRENT_PROJECT_VERSION = 1;
				DEVELOPMENT_ASSET_PATHS = "\"JahezMovies/Preview Content\"";
				ENABLE_PREVIEWS = YES;
				GENERATE_INFOPLIST_FILE = YES;
				INFOPLIST_FILE = JahezMovies/Modules/Config/Info.plist;
				INFOPLIST_KEY_UIApplicationSceneManifest_Generation = YES;
				INFOPLIST_KEY_UIApplicationSupportsIndirectInputEvents = YES;
				INFOPLIST_KEY_UILaunchScreen_Generation = YES;
				INFOPLIST_KEY_UISupportedInterfaceOrientations_iPad = "UIInterfaceOrientationPortrait UIInterfaceOrientationPortraitUpsideDown UIInterfaceOrientationLandscapeLeft UIInterfaceOrientationLandscapeRight";
				INFOPLIST_KEY_UISupportedInterfaceOrientations_iPhone = "UIInterfaceOrientationPortrait UIInterfaceOrientationLandscapeLeft UIInterfaceOrientationLandscapeRight";
				IPHONEOS_DEPLOYMENT_TARGET = 15.6;
				LD_RUNPATH_SEARCH_PATHS = (
					"$(inherited)",
					"@executable_path/Frameworks",
				);
				MARKETING_VERSION = 1.0;
				PRODUCT_BUNDLE_IDENTIFIER = com.JahezMovies;
				PRODUCT_NAME = "$(TARGET_NAME)";
				SWIFT_EMIT_LOC_STRINGS = YES;
				SWIFT_VERSION = 5.0;
				TARGETED_DEVICE_FAMILY = "1,2";
			};
			name = Debug;
		};
		F8C66E1D2E4B52E000D743B9 /* Release */ = {
			isa = XCBuildConfiguration;
			buildSettings = {
				ASSETCATALOG_COMPILER_APPICON_NAME = AppIcon;
				ASSETCATALOG_COMPILER_GLOBAL_ACCENT_COLOR_NAME = AccentColor;
				CODE_SIGN_STYLE = Automatic;
				CURRENT_PROJECT_VERSION = 1;
				DEVELOPMENT_ASSET_PATHS = "\"JahezMovies/Preview Content\"";
				ENABLE_PREVIEWS = YES;
				GENERATE_INFOPLIST_FILE = YES;
				INFOPLIST_FILE = JahezMovies/Modules/Config/Info.plist;
				INFOPLIST_KEY_UIApplicationSceneManifest_Generation = YES;
				INFOPLIST_KEY_UIApplicationSupportsIndirectInputEvents = YES;
				INFOPLIST_KEY_UILaunchScreen_Generation = YES;
				INFOPLIST_KEY_UISupportedInterfaceOrientations_iPad = "UIInterfaceOrientationPortrait UIInterfaceOrientationPortraitUpsideDown UIInterfaceOrientationLandscapeLeft UIInterfaceOrientationLandscapeRight";
				INFOPLIST_KEY_UISupportedInterfaceOrientations_iPhone = "UIInterfaceOrientationPortrait UIInterfaceOrientationLandscapeLeft UIInterfaceOrientationLandscapeRight";
				IPHONEOS_DEPLOYMENT_TARGET = 15.6;
				LD_RUNPATH_SEARCH_PATHS = (
					"$(inherited)",
					"@executable_path/Frameworks",
				);
				MARKETING_VERSION = 1.0;
				PRODUCT_BUNDLE_IDENTIFIER = com.JahezMovies;
				PRODUCT_NAME = "$(TARGET_NAME)";
				SWIFT_EMIT_LOC_STRINGS = YES;
				SWIFT_VERSION = 5.0;
				TARGETED_DEVICE_FAMILY = "1,2";
			};
			name = Release;
		};
		F8C66E1F2E4B52E000D743B9 /* Debug */ = {
			isa = XCBuildConfiguration;
			baseConfigurationReferenceAnchor = F8C66DF92E4B52DD00D743B9 /* JahezMovies */;
			baseConfigurationReferenceRelativePath = Modules/Config/Config.xcconfig;
			buildSettings = {
				BUNDLE_LOADER = "$(TEST_HOST)";
				CODE_SIGN_STYLE = Automatic;
				CURRENT_PROJECT_VERSION = 1;
				GENERATE_INFOPLIST_FILE = YES;
				IPHONEOS_DEPLOYMENT_TARGET = 18.2;
				MARKETING_VERSION = 1.0;
				PRODUCT_BUNDLE_IDENTIFIER = com.JahezMoviesTests;
				PRODUCT_NAME = "$(TARGET_NAME)";
				SWIFT_EMIT_LOC_STRINGS = NO;
				SWIFT_VERSION = 5.0;
				TARGETED_DEVICE_FAMILY = "1,2";
				TEST_HOST = "$(BUILT_PRODUCTS_DIR)/JahezMovies.app/$(BUNDLE_EXECUTABLE_FOLDER_PATH)/JahezMovies";
			};
			name = Debug;
		};
		F8C66E202E4B52E000D743B9 /* Release */ = {
			isa = XCBuildConfiguration;
			buildSettings = {
				BUNDLE_LOADER = "$(TEST_HOST)";
				CODE_SIGN_STYLE = Automatic;
				CURRENT_PROJECT_VERSION = 1;
				GENERATE_INFOPLIST_FILE = YES;
				IPHONEOS_DEPLOYMENT_TARGET = 18.2;
				MARKETING_VERSION = 1.0;
				PRODUCT_BUNDLE_IDENTIFIER = com.JahezMoviesTests;
				PRODUCT_NAME = "$(TARGET_NAME)";
				SWIFT_EMIT_LOC_STRINGS = NO;
				SWIFT_VERSION = 5.0;
				TARGETED_DEVICE_FAMILY = "1,2";
				TEST_HOST = "$(BUILT_PRODUCTS_DIR)/JahezMovies.app/$(BUNDLE_EXECUTABLE_FOLDER_PATH)/JahezMovies";
			};
			name = Release;
		};
		F8C66E222E4B52E000D743B9 /* Debug */ = {
			isa = XCBuildConfiguration;
			buildSettings = {
				CODE_SIGN_STYLE = Automatic;
				CURRENT_PROJECT_VERSION = 1;
				GENERATE_INFOPLIST_FILE = YES;
				MARKETING_VERSION = 1.0;
				PRODUCT_BUNDLE_IDENTIFIER = com.JahezMoviesUITests;
				PRODUCT_NAME = "$(TARGET_NAME)";
				SWIFT_EMIT_LOC_STRINGS = NO;
				SWIFT_VERSION = 5.0;
				TARGETED_DEVICE_FAMILY = "1,2";
				TEST_TARGET_NAME = JahezMovies;
			};
			name = Debug;
		};
		F8C66E232E4B52E000D743B9 /* Release */ = {
			isa = XCBuildConfiguration;
			buildSettings = {
				CODE_SIGN_STYLE = Automatic;
				CURRENT_PROJECT_VERSION = 1;
				GENERATE_INFOPLIST_FILE = YES;
				MARKETING_VERSION = 1.0;
				PRODUCT_BUNDLE_IDENTIFIER = com.JahezMoviesUITests;
				PRODUCT_NAME = "$(TARGET_NAME)";
				SWIFT_EMIT_LOC_STRINGS = NO;
				SWIFT_VERSION = 5.0;
				TARGETED_DEVICE_FAMILY = "1,2";
				TEST_TARGET_NAME = JahezMovies;
			};
			name = Release;
		};
/* End XCBuildConfiguration section */

/* Begin XCConfigurationList section */
		F8C66DF22E4B52DD00D743B9 /* Build configuration list for PBXProject "JahezMovies" */ = {
			isa = XCConfigurationList;
			buildConfigurations = (
				F8C66E192E4B52E000D743B9 /* Debug */,
				F8C66E1A2E4B52E000D743B9 /* Release */,
			);
			defaultConfigurationIsVisible = 0;
			defaultConfigurationName = Release;
		};
		F8C66E1B2E4B52E000D743B9 /* Build configuration list for PBXNativeTarget "JahezMovies" */ = {
			isa = XCConfigurationList;
			buildConfigurations = (
				F8C66E1C2E4B52E000D743B9 /* Debug */,
				F8C66E1D2E4B52E000D743B9 /* Release */,
			);
			defaultConfigurationIsVisible = 0;
			defaultConfigurationName = Release;
		};
		F8C66E1E2E4B52E000D743B9 /* Build configuration list for PBXNativeTarget "JahezMoviesTests" */ = {
			isa = XCConfigurationList;
			buildConfigurations = (
				F8C66E1F2E4B52E000D743B9 /* Debug */,
				F8C66E202E4B52E000D743B9 /* Release */,
			);
			defaultConfigurationIsVisible = 0;
			defaultConfigurationName = Release;
		};
		F8C66E212E4B52E000D743B9 /* Build configuration list for PBXNativeTarget "JahezMoviesUITests" */ = {
			isa = XCConfigurationList;
			buildConfigurations = (
				F8C66E222E4B52E000D743B9 /* Debug */,
				F8C66E232E4B52E000D743B9 /* Release */,
			);
			defaultConfigurationIsVisible = 0;
			defaultConfigurationName = Release;
		};
/* End XCConfigurationList section */

/* Begin XCSwiftPackageProductDependency section */
		F814DBAB2E4B772000EB29E5 /* GadoNetwork */ = {
			isa = XCSwiftPackageProductDependency;
			productName = GadoNetwork;
		};
		F8CDAAF52E4B8BCB009F5401 /* GeneralSwift */ = {
			isa = XCSwiftPackageProductDependency;
			productName = GeneralSwift;
		};
		F8CDAAF92E4B8BDA009F5401 /* MovieDetails */ = {
			isa = XCSwiftPackageProductDependency;
			productName = MovieDetails;
		};
		F8CDAB3C2E4B9452009F5401 /* Movies */ = {
			isa = XCSwiftPackageProductDependency;
			productName = Movies;
		};
/* End XCSwiftPackageProductDependency section */
	};
	rootObject = F8C66DEF2E4B52DD00D743B9 /* Project object */;
}
